
Microsoft Visual Studio Solution File, Format Version 12.00
# Visual Studio 15
VisualStudioVersion = 15.0.27130.2003
MinimumVisualStudioVersion = 10.0.40219.1
Project("{FAE04EC0-301F-11D3-BF4B-00C04F79EFBC}") = "HHCSPHelp", "HHCSPHelp\HHCSPHelp.csproj", "{8B4B2292-270B-44B0-9C7F-B6458347C218}"
EndProject
Project("{FAE04EC0-301F-11D3-BF4B-00C04F79EFBC}") = "HHCallTools", "HHCallTools\HHCallTools.csproj", "{0CF5CB73-5D84-4B1C-8BB0-F918BE66FBEA}"
EndProject
Global
	GlobalSection(SolutionConfigurationPlatforms) = preSolution
		Debug|Any CPU = Debug|Any CPU
		Release|Any CPU = Release|Any CPU
	EndGlobalSection
	GlobalSection(ProjectConfigurationPlatforms) = postSolution
		{8B4B2292-270B-44B0-9C7F-B6458347C218}.Debug|Any CPU.ActiveCfg = Debug|Any CPU
		{8B4B2292-270B-44B0-9C7F-B6458347C218}.Debug|Any CPU.Build.0 = Debug|Any CPU
		{8B4B2292-270B-44B0-9C7F-B6458347C218}.Release|Any CPU.ActiveCfg = Release|Any CPU
		{8B4B2292-270B-44B0-9C7F-B6458347C218}.Release|Any CPU.Build.0 = Release|Any CPU
		{0CF5CB73-5D84-4B1C-8BB0-F918BE66FBEA}.Debug|Any CPU.ActiveCfg = Debug|Any CPU
		{0CF5CB73-5D84-4B1C-8BB0-F918BE66FBEA}.Debug|Any CPU.Build.0 = Debug|Any CPU
		{0CF5CB73-5D84-4B1C-8BB0-F918BE66FBEA}.Release|Any CPU.ActiveCfg = Release|Any CPU
		{0CF5CB73-5D84-4B1C-8BB0-F918BE66FBEA}.Release|Any CPU.Build.0 = Release|Any CPU
	EndGlobalSection
	GlobalSection(SolutionProperties) = preSolution
		HideSolutionNode = FALSE
	EndGlobalSection
	GlobalSection(ExtensibilityGlobals) = postSolution
		SolutionGuid = {2DCE1A91-C8E5-4D35-91A8-8623165E66B8}
	EndGlobalSection
EndGlobal
